
Microsoft Visual Studio Solution File, Format Version 12.00
# Visual Studio 15
Project("{FAE04EC0-301F-11D3-BF4B-00C04F79EFBC}") = "cometChatWrapper", "cometChatWrapper\cometChatWrapper.csproj", "{7B57AFD7-7219-46DC-80A1-AFAE845B1800}"
EndProject
Project("{FAE04EC0-301F-11D3-BF4B-00C04F79EFBC}") = "uikitWrapper", "uikitWrapper\uikitWrapper.csproj", "{EF309BC6-1695-4609-8067-D191625C9191}"
EndProject
Project("{FAE04EC0-301F-11D3-BF4B-00C04F79EFBC}") = "cometChatDemo", "cometChatDemo\cometChatDemo.csproj", "{E9CDF636-3792-4B11-BB19-FEFB63BAA81F}"
EndProject
Project("{FAE04EC0-301F-11D3-BF4B-00C04F79EFBC}") = "cometChatSdkWrapper", "cometChatSdkWrapper\cometChatSdkWrapper.csproj", "{376BF0D3-1955-4CD9-B4C5-FADDFB16BEDE}"
EndProject
Project("{FAE04EC0-301F-11D3-BF4B-00C04F79EFBC}") = "smackAndroidWrapper", "smackAndroidWrapper\smackAndroidWrapper.csproj", "{EC2F261A-A513-4834-A7B4-2C8AFB2BA638}"
EndProject
Project("{FAE04EC0-301F-11D3-BF4B-00C04F79EFBC}") = "jistimeetWrapper", "jistimeetWrapper\jistimeetWrapper.csproj", "{2244D5AC-1AC8-48A1-8E47-93BF86DC5B34}"
EndProject
Project("{FAE04EC0-301F-11D3-BF4B-00C04F79EFBC}") = "timberWrapper", "timberWrapper\timberWrapper.csproj", "{99AEEB88-C178-4352-A349-62DFA36155C3}"
EndProject
Project("{FAE04EC0-301F-11D3-BF4B-00C04F79EFBC}") = "duktapeWrapper", "duktapeWrapper\duktapeWrapper.csproj", "{10C989AC-B1F0-4BB4-B1A0-96AE75054537}"
EndProject
Project("{FAE04EC0-301F-11D3-BF4B-00C04F79EFBC}") = "androidJscWrapper", "androidJscWrapper\androidJscWrapper.csproj", "{C6A04AEE-FD30-4AE5-B472-ED468432ACB9}"
EndProject
Project("{FAE04EC0-301F-11D3-BF4B-00C04F79EFBC}") = "ReactNativeWrapper", "ReactNativeWrapper\ReactNativeWrapper.csproj", "{AD96293B-D0F3-41F9-B506-681903ADD7B0}"
EndProject
Project("{FAE04EC0-301F-11D3-BF4B-00C04F79EFBC}") = "shimmerWrapper", "shimmerWrapper\shimmerWrapper.csproj", "{647682AF-A29E-4FB9-9B9F-41DECCC4BE3B}"
EndProject
Project("{FAE04EC0-301F-11D3-BF4B-00C04F79EFBC}") = "commonsLangWrapper", "commonsLangWrapper\commonsLangWrapper.csproj", "{C00DF432-0B9B-4187-9C4C-E10A7607282F}"
EndProject
Project("{FAE04EC0-301F-11D3-BF4B-00C04F79EFBC}") = "jxmppUtilWrapper", "jxmppUtilWrapper\jxmppUtilWrapper.csproj", "{0048DBA6-3F8B-4576-9017-DE3FF6D3A1DF}"
EndProject
Project("{FAE04EC0-301F-11D3-BF4B-00C04F79EFBC}") = "kxmlWrapper", "kxmlWrapper\kxmlWrapper.csproj", "{52538AAD-BF0D-4CCC-9D43-94152FFB5FF9}"
EndProject
Project("{FAE04EC0-301F-11D3-BF4B-00C04F79EFBC}") = "minidnsWrapper", "minidnsWrapper\minidnsWrapper.csproj", "{0EC8AC67-02FE-43BD-950E-36D4A44C216C}"
EndProject
Project("{FAE04EC0-301F-11D3-BF4B-00C04F79EFBC}") = "okhttpWrapper", "okhttpWrapper\okhttpWrapper.csproj", "{84156205-F0AD-4E09-8471-64BE20453694}"
EndProject
Project("{FAE04EC0-301F-11D3-BF4B-00C04F79EFBC}") = "okhttpconnectionWrapper", "okhttpconnectionWrapper\okhttpconnectionWrapper.csproj", "{8FC7BC1B-6DA1-4B5E-9F19-B268E2624ADD}"
EndProject
Project("{FAE04EC0-301F-11D3-BF4B-00C04F79EFBC}") = "okioWrapper", "okioWrapper\okioWrapper.csproj", "{BD0C353A-CD30-44CA-8D30-49E8BD7F4878}"
EndProject
Project("{FAE04EC0-301F-11D3-BF4B-00C04F79EFBC}") = "smackExperWrapper", "smackExperWrapper\smackExperWrapper.csproj", "{1B29184B-F78B-47CA-ABC0-9AED17774D63}"
EndProject
Project("{FAE04EC0-301F-11D3-BF4B-00C04F79EFBC}") = "smackExtensionWrapper", "smackExtensionWrapper\smackExtensionWrapper.csproj", "{2E8D6AE9-51C8-444D-8814-3C6A7C98EFFE}"
EndProject
Project("{FAE04EC0-301F-11D3-BF4B-00C04F79EFBC}") = "imWrapper", "imWrapper\imWrapper.csproj", "{4890387C-7076-4EDC-84B1-DACBEBAA9919}"
EndProject
Project("{FAE04EC0-301F-11D3-BF4B-00C04F79EFBC}") = "smackResolverWrapper", "smackResolverWrapper\smackResolverWrapper.csproj", "{3063C33A-DFE2-405D-8BB8-8FDC188E27F5}"
EndProject
Project("{FAE04EC0-301F-11D3-BF4B-00C04F79EFBC}") = "smackSaslWrapper", "smackSaslWrapper\smackSaslWrapper.csproj", "{9AB4578B-4FB9-4712-AB00-AEE08C5D6DC6}"
EndProject
Project("{FAE04EC0-301F-11D3-BF4B-00C04F79EFBC}") = "smackTcpWrapper", "smackTcpWrapper\smackTcpWrapper.csproj", "{8600B29B-906C-48D8-8E42-46F0B5315478}"
EndProject
Project("{FAE04EC0-301F-11D3-BF4B-00C04F79EFBC}") = "smackCoreWrapper", "smackCoreWrapper\smackCoreWrapper.csproj", "{5A487BA1-B5EE-4BE3-97AF-559EC5D7C944}"
EndProject
Project("{FAE04EC0-301F-11D3-BF4B-00C04F79EFBC}") = "materialWrapper", "materialWrapper\materialWrapper.csproj", "{5D69130D-578C-4136-A73F-8863618F1D41}"
EndProject
Project("{FAE04EC0-301F-11D3-BF4B-00C04F79EFBC}") = "glideWrapper", "glideWrapper\glideWrapper.csproj", "{44FDA31D-B026-45E3-B63A-F8F7B6F2F582}"
EndProject
Project("{FAE04EC0-301F-11D3-BF4B-00C04F79EFBC}") = "annotationWrapper", "annotationWrapper\annotationWrapper.csproj", "{D27BC262-DEE9-4443-B073-41C63826C1C2}"
EndProject
Project("{FAE04EC0-301F-11D3-BF4B-00C04F79EFBC}") = "disklrucacheWrapper", "disklrucacheWrapper\disklrucacheWrapper.csproj", "{7851DAC2-235A-4BA9-A170-50DCD06507C3}"
EndProject
Project("{FAE04EC0-301F-11D3-BF4B-00C04F79EFBC}") = "glidecoderWrapper", "glidecoderWrapper\glidecoderWrapper.csproj", "{D438BD50-A4B3-4494-B866-EAEDCA46BD37}"
EndProject
Project("{FAE04EC0-301F-11D3-BF4B-00C04F79EFBC}") = "viewbindingWrapper", "viewbindingWrapper\viewbindingWrapper.csproj", "{97FB9D01-E13E-4D65-804C-7B3F857BE213}"
EndProject
Project("{FAE04EC0-301F-11D3-BF4B-00C04F79EFBC}") = "databindingAdapterWrapper", "databindingAdapterWrapper\databindingAdapterWrapper.csproj", "{D8DF581F-7DE2-46E5-B3A5-9843FE51A362}"
EndProject
Project("{FAE04EC0-301F-11D3-BF4B-00C04F79EFBC}") = "dataBindRuntimeWrapper", "dataBindRuntimeWrapper\dataBindRuntimeWrapper.csproj", "{E180F8AE-4C5A-4EFE-AACE-1EC3FACDACD4}"
EndProject
Project("{FAE04EC0-301F-11D3-BF4B-00C04F79EFBC}") = "bindingCommonWrapper", "bindingCommonWrapper\bindingCommonWrapper.csproj", "{628F5701-7BF2-40DB-9B43-E4C3FE9FA18C}"
EndProject
Project("{FAE04EC0-301F-11D3-BF4B-00C04F79EFBC}") = "navigationUIWrapper", "navigationUIWrapper\navigationUIWrapper.csproj", "{1AADE1DB-29BA-48E0-837F-C3B7EB7F85C0}"
EndProject
Project("{FAE04EC0-301F-11D3-BF4B-00C04F79EFBC}") = "transitionWrapper", "transitionWrapper\transitionWrapper.csproj", "{76368661-B0D5-4292-A812-D4FC01E3A2DA}"
EndProject
Project("{FAE04EC0-301F-11D3-BF4B-00C04F79EFBC}") = "viewpager2Wrapper", "viewpager2Wrapper\viewpager2Wrapper.csproj", "{FCCD2FE1-65D7-4183-9C34-D8F6CF076A2E}"
EndProject
Project("{FAE04EC0-301F-11D3-BF4B-00C04F79EFBC}") = "cometChatSdk", "cometChatSdk\cometChatSdk.csproj", "{A83354FA-DF15-479E-A44C-51AEFEFC2104}"
EndProject
Project("{FAE04EC0-301F-11D3-BF4B-00C04F79EFBC}") = "uikitSdk", "uikitSdk\uikitSdk.csproj", "{2F4760BD-A840-4F11-A350-295773A961B4}"
EndProject
Project("{FAE04EC0-301F-11D3-BF4B-00C04F79EFBC}") = "CometChatPro", "CometChatPro\CometChatPro.csproj", "{2C3D8CB5-44A0-4D98-B7B0-F01447D215B9}"
EndProject
Global
	GlobalSection(SolutionConfigurationPlatforms) = preSolution
		Debug|Any CPU = Debug|Any CPU
		Release|Any CPU = Release|Any CPU
		Debug|iPhoneSimulator = Debug|iPhoneSimulator
		Release|iPhoneSimulator = Release|iPhoneSimulator
		Debug|iPhone = Debug|iPhone
		Release|iPhone = Release|iPhone
	EndGlobalSection
	GlobalSection(ProjectConfigurationPlatforms) = postSolution
		{7B57AFD7-7219-46DC-80A1-AFAE845B1800}.Debug|Any CPU.ActiveCfg = Debug|Any CPU
		{7B57AFD7-7219-46DC-80A1-AFAE845B1800}.Debug|Any CPU.Build.0 = Debug|Any CPU
		{7B57AFD7-7219-46DC-80A1-AFAE845B1800}.Release|Any CPU.ActiveCfg = Release|Any CPU
		{7B57AFD7-7219-46DC-80A1-AFAE845B1800}.Release|Any CPU.Build.0 = Release|Any CPU
		{7B57AFD7-7219-46DC-80A1-AFAE845B1800}.Debug|iPhoneSimulator.ActiveCfg = Debug|Any CPU
		{7B57AFD7-7219-46DC-80A1-AFAE845B1800}.Debug|iPhoneSimulator.Build.0 = Debug|Any CPU
		{7B57AFD7-7219-46DC-80A1-AFAE845B1800}.Release|iPhoneSimulator.ActiveCfg = Release|Any CPU
		{7B57AFD7-7219-46DC-80A1-AFAE845B1800}.Release|iPhoneSimulator.Build.0 = Release|Any CPU
		{7B57AFD7-7219-46DC-80A1-AFAE845B1800}.Debug|iPhone.ActiveCfg = Debug|Any CPU
		{7B57AFD7-7219-46DC-80A1-AFAE845B1800}.Debug|iPhone.Build.0 = Debug|Any CPU
		{7B57AFD7-7219-46DC-80A1-AFAE845B1800}.Release|iPhone.ActiveCfg = Release|Any CPU
		{7B57AFD7-7219-46DC-80A1-AFAE845B1800}.Release|iPhone.Build.0 = Release|Any CPU
		{EF309BC6-1695-4609-8067-D191625C9191}.Debug|Any CPU.ActiveCfg = Debug|Any CPU
		{EF309BC6-1695-4609-8067-D191625C9191}.Debug|Any CPU.Build.0 = Debug|Any CPU
		{EF309BC6-1695-4609-8067-D191625C9191}.Release|Any CPU.ActiveCfg = Release|Any CPU
		{EF309BC6-1695-4609-8067-D191625C9191}.Release|Any CPU.Build.0 = Release|Any CPU
		{EF309BC6-1695-4609-8067-D191625C9191}.Debug|iPhoneSimulator.ActiveCfg = Debug|Any CPU
		{EF309BC6-1695-4609-8067-D191625C9191}.Debug|iPhoneSimulator.Build.0 = Debug|Any CPU
		{EF309BC6-1695-4609-8067-D191625C9191}.Release|iPhoneSimulator.ActiveCfg = Release|Any CPU
		{EF309BC6-1695-4609-8067-D191625C9191}.Release|iPhoneSimulator.Build.0 = Release|Any CPU
		{EF309BC6-1695-4609-8067-D191625C9191}.Debug|iPhone.ActiveCfg = Debug|Any CPU
		{EF309BC6-1695-4609-8067-D191625C9191}.Debug|iPhone.Build.0 = Debug|Any CPU
		{EF309BC6-1695-4609-8067-D191625C9191}.Release|iPhone.ActiveCfg = Release|Any CPU
		{EF309BC6-1695-4609-8067-D191625C9191}.Release|iPhone.Build.0 = Release|Any CPU
		{E9CDF636-3792-4B11-BB19-FEFB63BAA81F}.Debug|Any CPU.ActiveCfg = Debug|Any CPU
		{E9CDF636-3792-4B11-BB19-FEFB63BAA81F}.Debug|Any CPU.Build.0 = Debug|Any CPU
		{E9CDF636-3792-4B11-BB19-FEFB63BAA81F}.Release|Any CPU.ActiveCfg = Release|Any CPU
		{E9CDF636-3792-4B11-BB19-FEFB63BAA81F}.Release|Any CPU.Build.0 = Release|Any CPU
		{E9CDF636-3792-4B11-BB19-FEFB63BAA81F}.Debug|iPhoneSimulator.ActiveCfg = Debug|Any CPU
		{E9CDF636-3792-4B11-BB19-FEFB63BAA81F}.Debug|iPhoneSimulator.Build.0 = Debug|Any CPU
		{E9CDF636-3792-4B11-BB19-FEFB63BAA81F}.Release|iPhoneSimulator.ActiveCfg = Release|Any CPU
		{E9CDF636-3792-4B11-BB19-FEFB63BAA81F}.Release|iPhoneSimulator.Build.0 = Release|Any CPU
		{E9CDF636-3792-4B11-BB19-FEFB63BAA81F}.Debug|iPhone.ActiveCfg = Debug|Any CPU
		{E9CDF636-3792-4B11-BB19-FEFB63BAA81F}.Debug|iPhone.Build.0 = Debug|Any CPU
		{E9CDF636-3792-4B11-BB19-FEFB63BAA81F}.Release|iPhone.ActiveCfg = Release|Any CPU
		{E9CDF636-3792-4B11-BB19-FEFB63BAA81F}.Release|iPhone.Build.0 = Release|Any CPU
		{376BF0D3-1955-4CD9-B4C5-FADDFB16BEDE}.Debug|Any CPU.ActiveCfg = Debug|Any CPU
		{376BF0D3-1955-4CD9-B4C5-FADDFB16BEDE}.Debug|Any CPU.Build.0 = Debug|Any CPU
		{376BF0D3-1955-4CD9-B4C5-FADDFB16BEDE}.Release|Any CPU.ActiveCfg = Release|Any CPU
		{376BF0D3-1955-4CD9-B4C5-FADDFB16BEDE}.Release|Any CPU.Build.0 = Release|Any CPU
		{376BF0D3-1955-4CD9-B4C5-FADDFB16BEDE}.Debug|iPhoneSimulator.ActiveCfg = Debug|Any CPU
		{376BF0D3-1955-4CD9-B4C5-FADDFB16BEDE}.Debug|iPhoneSimulator.Build.0 = Debug|Any CPU
		{376BF0D3-1955-4CD9-B4C5-FADDFB16BEDE}.Release|iPhoneSimulator.ActiveCfg = Release|Any CPU
		{376BF0D3-1955-4CD9-B4C5-FADDFB16BEDE}.Release|iPhoneSimulator.Build.0 = Release|Any CPU
		{376BF0D3-1955-4CD9-B4C5-FADDFB16BEDE}.Debug|iPhone.ActiveCfg = Debug|Any CPU
		{376BF0D3-1955-4CD9-B4C5-FADDFB16BEDE}.Debug|iPhone.Build.0 = Debug|Any CPU
		{376BF0D3-1955-4CD9-B4C5-FADDFB16BEDE}.Release|iPhone.ActiveCfg = Release|Any CPU
		{376BF0D3-1955-4CD9-B4C5-FADDFB16BEDE}.Release|iPhone.Build.0 = Release|Any CPU
		{EC2F261A-A513-4834-A7B4-2C8AFB2BA638}.Debug|Any CPU.ActiveCfg = Debug|Any CPU
		{EC2F261A-A513-4834-A7B4-2C8AFB2BA638}.Debug|Any CPU.Build.0 = Debug|Any CPU
		{EC2F261A-A513-4834-A7B4-2C8AFB2BA638}.Release|Any CPU.ActiveCfg = Release|Any CPU
		{EC2F261A-A513-4834-A7B4-2C8AFB2BA638}.Release|Any CPU.Build.0 = Release|Any CPU
		{EC2F261A-A513-4834-A7B4-2C8AFB2BA638}.Debug|iPhoneSimulator.ActiveCfg = Debug|Any CPU
		{EC2F261A-A513-4834-A7B4-2C8AFB2BA638}.Debug|iPhoneSimulator.Build.0 = Debug|Any CPU
		{EC2F261A-A513-4834-A7B4-2C8AFB2BA638}.Release|iPhoneSimulator.ActiveCfg = Release|Any CPU
		{EC2F261A-A513-4834-A7B4-2C8AFB2BA638}.Release|iPhoneSimulator.Build.0 = Release|Any CPU
		{EC2F261A-A513-4834-A7B4-2C8AFB2BA638}.Debug|iPhone.ActiveCfg = Debug|Any CPU
		{EC2F261A-A513-4834-A7B4-2C8AFB2BA638}.Debug|iPhone.Build.0 = Debug|Any CPU
		{EC2F261A-A513-4834-A7B4-2C8AFB2BA638}.Release|iPhone.ActiveCfg = Release|Any CPU
		{EC2F261A-A513-4834-A7B4-2C8AFB2BA638}.Release|iPhone.Build.0 = Release|Any CPU
		{2244D5AC-1AC8-48A1-8E47-93BF86DC5B34}.Debug|Any CPU.ActiveCfg = Debug|Any CPU
		{2244D5AC-1AC8-48A1-8E47-93BF86DC5B34}.Debug|Any CPU.Build.0 = Debug|Any CPU
		{2244D5AC-1AC8-48A1-8E47-93BF86DC5B34}.Release|Any CPU.ActiveCfg = Release|Any CPU
		{2244D5AC-1AC8-48A1-8E47-93BF86DC5B34}.Release|Any CPU.Build.0 = Release|Any CPU
		{2244D5AC-1AC8-48A1-8E47-93BF86DC5B34}.Debug|iPhoneSimulator.ActiveCfg = Debug|Any CPU
		{2244D5AC-1AC8-48A1-8E47-93BF86DC5B34}.Debug|iPhoneSimulator.Build.0 = Debug|Any CPU
		{2244D5AC-1AC8-48A1-8E47-93BF86DC5B34}.Release|iPhoneSimulator.ActiveCfg = Release|Any CPU
		{2244D5AC-1AC8-48A1-8E47-93BF86DC5B34}.Release|iPhoneSimulator.Build.0 = Release|Any CPU
		{2244D5AC-1AC8-48A1-8E47-93BF86DC5B34}.Debug|iPhone.ActiveCfg = Debug|Any CPU
		{2244D5AC-1AC8-48A1-8E47-93BF86DC5B34}.Debug|iPhone.Build.0 = Debug|Any CPU
		{2244D5AC-1AC8-48A1-8E47-93BF86DC5B34}.Release|iPhone.ActiveCfg = Release|Any CPU
		{2244D5AC-1AC8-48A1-8E47-93BF86DC5B34}.Release|iPhone.Build.0 = Release|Any CPU
		{99AEEB88-C178-4352-A349-62DFA36155C3}.Debug|Any CPU.ActiveCfg = Debug|Any CPU
		{99AEEB88-C178-4352-A349-62DFA36155C3}.Debug|Any CPU.Build.0 = Debug|Any CPU
		{99AEEB88-C178-4352-A349-62DFA36155C3}.Release|Any CPU.ActiveCfg = Release|Any CPU
		{99AEEB88-C178-4352-A349-62DFA36155C3}.Release|Any CPU.Build.0 = Release|Any CPU
		{99AEEB88-C178-4352-A349-62DFA36155C3}.Debug|iPhoneSimulator.ActiveCfg = Debug|Any CPU
		{99AEEB88-C178-4352-A349-62DFA36155C3}.Debug|iPhoneSimulator.Build.0 = Debug|Any CPU
		{99AEEB88-C178-4352-A349-62DFA36155C3}.Release|iPhoneSimulator.ActiveCfg = Release|Any CPU
		{99AEEB88-C178-4352-A349-62DFA36155C3}.Release|iPhoneSimulator.Build.0 = Release|Any CPU
		{99AEEB88-C178-4352-A349-62DFA36155C3}.Debug|iPhone.ActiveCfg = Debug|Any CPU
		{99AEEB88-C178-4352-A349-62DFA36155C3}.Debug|iPhone.Build.0 = Debug|Any CPU
		{99AEEB88-C178-4352-A349-62DFA36155C3}.Release|iPhone.ActiveCfg = Release|Any CPU
		{99AEEB88-C178-4352-A349-62DFA36155C3}.Release|iPhone.Build.0 = Release|Any CPU
		{10C989AC-B1F0-4BB4-B1A0-96AE75054537}.Debug|Any CPU.ActiveCfg = Debug|Any CPU
		{10C989AC-B1F0-4BB4-B1A0-96AE75054537}.Debug|Any CPU.Build.0 = Debug|Any CPU
		{10C989AC-B1F0-4BB4-B1A0-96AE75054537}.Release|Any CPU.ActiveCfg = Release|Any CPU
		{10C989AC-B1F0-4BB4-B1A0-96AE75054537}.Release|Any CPU.Build.0 = Release|Any CPU
		{10C989AC-B1F0-4BB4-B1A0-96AE75054537}.Debug|iPhoneSimulator.ActiveCfg = Debug|Any CPU
		{10C989AC-B1F0-4BB4-B1A0-96AE75054537}.Debug|iPhoneSimulator.Build.0 = Debug|Any CPU
		{10C989AC-B1F0-4BB4-B1A0-96AE75054537}.Release|iPhoneSimulator.ActiveCfg = Release|Any CPU
		{10C989AC-B1F0-4BB4-B1A0-96AE75054537}.Release|iPhoneSimulator.Build.0 = Release|Any CPU
		{10C989AC-B1F0-4BB4-B1A0-96AE75054537}.Debug|iPhone.ActiveCfg = Debug|Any CPU
		{10C989AC-B1F0-4BB4-B1A0-96AE75054537}.Debug|iPhone.Build.0 = Debug|Any CPU
		{10C989AC-B1F0-4BB4-B1A0-96AE75054537}.Release|iPhone.ActiveCfg = Release|Any CPU
		{10C989AC-B1F0-4BB4-B1A0-96AE75054537}.Release|iPhone.Build.0 = Release|Any CPU
		{C6A04AEE-FD30-4AE5-B472-ED468432ACB9}.Debug|Any CPU.ActiveCfg = Debug|Any CPU
		{C6A04AEE-FD30-4AE5-B472-ED468432ACB9}.Debug|Any CPU.Build.0 = Debug|Any CPU
		{C6A04AEE-FD30-4AE5-B472-ED468432ACB9}.Release|Any CPU.ActiveCfg = Release|Any CPU
		{C6A04AEE-FD30-4AE5-B472-ED468432ACB9}.Release|Any CPU.Build.0 = Release|Any CPU
		{C6A04AEE-FD30-4AE5-B472-ED468432ACB9}.Debug|iPhoneSimulator.ActiveCfg = Debug|Any CPU
		{C6A04AEE-FD30-4AE5-B472-ED468432ACB9}.Debug|iPhoneSimulator.Build.0 = Debug|Any CPU
		{C6A04AEE-FD30-4AE5-B472-ED468432ACB9}.Release|iPhoneSimulator.ActiveCfg = Release|Any CPU
		{C6A04AEE-FD30-4AE5-B472-ED468432ACB9}.Release|iPhoneSimulator.Build.0 = Release|Any CPU
		{C6A04AEE-FD30-4AE5-B472-ED468432ACB9}.Debug|iPhone.ActiveCfg = Debug|Any CPU
		{C6A04AEE-FD30-4AE5-B472-ED468432ACB9}.Debug|iPhone.Build.0 = Debug|Any CPU
		{C6A04AEE-FD30-4AE5-B472-ED468432ACB9}.Release|iPhone.ActiveCfg = Release|Any CPU
		{C6A04AEE-FD30-4AE5-B472-ED468432ACB9}.Release|iPhone.Build.0 = Release|Any CPU
		{AD96293B-D0F3-41F9-B506-681903ADD7B0}.Debug|Any CPU.ActiveCfg = Debug|Any CPU
		{AD96293B-D0F3-41F9-B506-681903ADD7B0}.Debug|Any CPU.Build.0 = Debug|Any CPU
		{AD96293B-D0F3-41F9-B506-681903ADD7B0}.Release|Any CPU.ActiveCfg = Release|Any CPU
		{AD96293B-D0F3-41F9-B506-681903ADD7B0}.Release|Any CPU.Build.0 = Release|Any CPU
		{AD96293B-D0F3-41F9-B506-681903ADD7B0}.Debug|iPhoneSimulator.ActiveCfg = Debug|Any CPU
		{AD96293B-D0F3-41F9-B506-681903ADD7B0}.Debug|iPhoneSimulator.Build.0 = Debug|Any CPU
		{AD96293B-D0F3-41F9-B506-681903ADD7B0}.Release|iPhoneSimulator.ActiveCfg = Release|Any CPU
		{AD96293B-D0F3-41F9-B506-681903ADD7B0}.Release|iPhoneSimulator.Build.0 = Release|Any CPU
		{AD96293B-D0F3-41F9-B506-681903ADD7B0}.Debug|iPhone.ActiveCfg = Debug|Any CPU
		{AD96293B-D0F3-41F9-B506-681903ADD7B0}.Debug|iPhone.Build.0 = Debug|Any CPU
		{AD96293B-D0F3-41F9-B506-681903ADD7B0}.Release|iPhone.ActiveCfg = Release|Any CPU
		{AD96293B-D0F3-41F9-B506-681903ADD7B0}.Release|iPhone.Build.0 = Release|Any CPU
		{647682AF-A29E-4FB9-9B9F-41DECCC4BE3B}.Debug|Any CPU.ActiveCfg = Debug|Any CPU
		{647682AF-A29E-4FB9-9B9F-41DECCC4BE3B}.Debug|Any CPU.Build.0 = Debug|Any CPU
		{647682AF-A29E-4FB9-9B9F-41DECCC4BE3B}.Release|Any CPU.ActiveCfg = Release|Any CPU
		{647682AF-A29E-4FB9-9B9F-41DECCC4BE3B}.Release|Any CPU.Build.0 = Release|Any CPU
		{647682AF-A29E-4FB9-9B9F-41DECCC4BE3B}.Debug|iPhoneSimulator.ActiveCfg = Debug|Any CPU
		{647682AF-A29E-4FB9-9B9F-41DECCC4BE3B}.Debug|iPhoneSimulator.Build.0 = Debug|Any CPU
		{647682AF-A29E-4FB9-9B9F-41DECCC4BE3B}.Release|iPhoneSimulator.ActiveCfg = Release|Any CPU
		{647682AF-A29E-4FB9-9B9F-41DECCC4BE3B}.Release|iPhoneSimulator.Build.0 = Release|Any CPU
		{647682AF-A29E-4FB9-9B9F-41DECCC4BE3B}.Debug|iPhone.ActiveCfg = Debug|Any CPU
		{647682AF-A29E-4FB9-9B9F-41DECCC4BE3B}.Debug|iPhone.Build.0 = Debug|Any CPU
		{647682AF-A29E-4FB9-9B9F-41DECCC4BE3B}.Release|iPhone.ActiveCfg = Release|Any CPU
		{647682AF-A29E-4FB9-9B9F-41DECCC4BE3B}.Release|iPhone.Build.0 = Release|Any CPU
		{C00DF432-0B9B-4187-9C4C-E10A7607282F}.Debug|Any CPU.ActiveCfg = Debug|Any CPU
		{C00DF432-0B9B-4187-9C4C-E10A7607282F}.Debug|Any CPU.Build.0 = Debug|Any CPU
		{C00DF432-0B9B-4187-9C4C-E10A7607282F}.Release|Any CPU.ActiveCfg = Release|Any CPU
		{C00DF432-0B9B-4187-9C4C-E10A7607282F}.Release|Any CPU.Build.0 = Release|Any CPU
		{C00DF432-0B9B-4187-9C4C-E10A7607282F}.Debug|iPhoneSimulator.ActiveCfg = Debug|Any CPU
		{C00DF432-0B9B-4187-9C4C-E10A7607282F}.Debug|iPhoneSimulator.Build.0 = Debug|Any CPU
		{C00DF432-0B9B-4187-9C4C-E10A7607282F}.Release|iPhoneSimulator.ActiveCfg = Release|Any CPU
		{C00DF432-0B9B-4187-9C4C-E10A7607282F}.Release|iPhoneSimulator.Build.0 = Release|Any CPU
		{C00DF432-0B9B-4187-9C4C-E10A7607282F}.Debug|iPhone.ActiveCfg = Debug|Any CPU
		{C00DF432-0B9B-4187-9C4C-E10A7607282F}.Debug|iPhone.Build.0 = Debug|Any CPU
		{C00DF432-0B9B-4187-9C4C-E10A7607282F}.Release|iPhone.ActiveCfg = Release|Any CPU
		{C00DF432-0B9B-4187-9C4C-E10A7607282F}.Release|iPhone.Build.0 = Release|Any CPU
		{0048DBA6-3F8B-4576-9017-DE3FF6D3A1DF}.Debug|Any CPU.ActiveCfg = Debug|Any CPU
		{0048DBA6-3F8B-4576-9017-DE3FF6D3A1DF}.Debug|Any CPU.Build.0 = Debug|Any CPU
		{0048DBA6-3F8B-4576-9017-DE3FF6D3A1DF}.Release|Any CPU.ActiveCfg = Release|Any CPU
		{0048DBA6-3F8B-4576-9017-DE3FF6D3A1DF}.Release|Any CPU.Build.0 = Release|Any CPU
		{0048DBA6-3F8B-4576-9017-DE3FF6D3A1DF}.Debug|iPhoneSimulator.ActiveCfg = Debug|Any CPU
		{0048DBA6-3F8B-4576-9017-DE3FF6D3A1DF}.Debug|iPhoneSimulator.Build.0 = Debug|Any CPU
		{0048DBA6-3F8B-4576-9017-DE3FF6D3A1DF}.Release|iPhoneSimulator.ActiveCfg = Release|Any CPU
		{0048DBA6-3F8B-4576-9017-DE3FF6D3A1DF}.Release|iPhoneSimulator.Build.0 = Release|Any CPU
		{0048DBA6-3F8B-4576-9017-DE3FF6D3A1DF}.Debug|iPhone.ActiveCfg = Debug|Any CPU
		{0048DBA6-3F8B-4576-9017-DE3FF6D3A1DF}.Debug|iPhone.Build.0 = Debug|Any CPU
		{0048DBA6-3F8B-4576-9017-DE3FF6D3A1DF}.Release|iPhone.ActiveCfg = Release|Any CPU
		{0048DBA6-3F8B-4576-9017-DE3FF6D3A1DF}.Release|iPhone.Build.0 = Release|Any CPU
		{52538AAD-BF0D-4CCC-9D43-94152FFB5FF9}.Debug|Any CPU.ActiveCfg = Debug|Any CPU
		{52538AAD-BF0D-4CCC-9D43-94152FFB5FF9}.Debug|Any CPU.Build.0 = Debug|Any CPU
		{52538AAD-BF0D-4CCC-9D43-94152FFB5FF9}.Release|Any CPU.ActiveCfg = Release|Any CPU
		{52538AAD-BF0D-4CCC-9D43-94152FFB5FF9}.Release|Any CPU.Build.0 = Release|Any CPU
		{52538AAD-BF0D-4CCC-9D43-94152FFB5FF9}.Debug|iPhoneSimulator.ActiveCfg = Debug|Any CPU
		{52538AAD-BF0D-4CCC-9D43-94152FFB5FF9}.Debug|iPhoneSimulator.Build.0 = Debug|Any CPU
		{52538AAD-BF0D-4CCC-9D43-94152FFB5FF9}.Release|iPhoneSimulator.ActiveCfg = Release|Any CPU
		{52538AAD-BF0D-4CCC-9D43-94152FFB5FF9}.Release|iPhoneSimulator.Build.0 = Release|Any CPU
		{52538AAD-BF0D-4CCC-9D43-94152FFB5FF9}.Debug|iPhone.ActiveCfg = Debug|Any CPU
		{52538AAD-BF0D-4CCC-9D43-94152FFB5FF9}.Debug|iPhone.Build.0 = Debug|Any CPU
		{52538AAD-BF0D-4CCC-9D43-94152FFB5FF9}.Release|iPhone.ActiveCfg = Release|Any CPU
		{52538AAD-BF0D-4CCC-9D43-94152FFB5FF9}.Release|iPhone.Build.0 = Release|Any CPU
		{0EC8AC67-02FE-43BD-950E-36D4A44C216C}.Debug|Any CPU.ActiveCfg = Debug|Any CPU
		{0EC8AC67-02FE-43BD-950E-36D4A44C216C}.Debug|Any CPU.Build.0 = Debug|Any CPU
		{0EC8AC67-02FE-43BD-950E-36D4A44C216C}.Release|Any CPU.ActiveCfg = Release|Any CPU
		{0EC8AC67-02FE-43BD-950E-36D4A44C216C}.Release|Any CPU.Build.0 = Release|Any CPU
		{0EC8AC67-02FE-43BD-950E-36D4A44C216C}.Debug|iPhoneSimulator.ActiveCfg = Debug|Any CPU
		{0EC8AC67-02FE-43BD-950E-36D4A44C216C}.Debug|iPhoneSimulator.Build.0 = Debug|Any CPU
		{0EC8AC67-02FE-43BD-950E-36D4A44C216C}.Release|iPhoneSimulator.ActiveCfg = Release|Any CPU
		{0EC8AC67-02FE-43BD-950E-36D4A44C216C}.Release|iPhoneSimulator.Build.0 = Release|Any CPU
		{0EC8AC67-02FE-43BD-950E-36D4A44C216C}.Debug|iPhone.ActiveCfg = Debug|Any CPU
		{0EC8AC67-02FE-43BD-950E-36D4A44C216C}.Debug|iPhone.Build.0 = Debug|Any CPU
		{0EC8AC67-02FE-43BD-950E-36D4A44C216C}.Release|iPhone.ActiveCfg = Release|Any CPU
		{0EC8AC67-02FE-43BD-950E-36D4A44C216C}.Release|iPhone.Build.0 = Release|Any CPU
		{84156205-F0AD-4E09-8471-64BE20453694}.Debug|Any CPU.ActiveCfg = Debug|Any CPU
		{84156205-F0AD-4E09-8471-64BE20453694}.Debug|Any CPU.Build.0 = Debug|Any CPU
		{84156205-F0AD-4E09-8471-64BE20453694}.Release|Any CPU.ActiveCfg = Release|Any CPU
		{84156205-F0AD-4E09-8471-64BE20453694}.Release|Any CPU.Build.0 = Release|Any CPU
		{84156205-F0AD-4E09-8471-64BE20453694}.Debug|iPhoneSimulator.ActiveCfg = Debug|Any CPU
		{84156205-F0AD-4E09-8471-64BE20453694}.Debug|iPhoneSimulator.Build.0 = Debug|Any CPU
		{84156205-F0AD-4E09-8471-64BE20453694}.Release|iPhoneSimulator.ActiveCfg = Release|Any CPU
		{84156205-F0AD-4E09-8471-64BE20453694}.Release|iPhoneSimulator.Build.0 = Release|Any CPU
		{84156205-F0AD-4E09-8471-64BE20453694}.Debug|iPhone.ActiveCfg = Debug|Any CPU
		{84156205-F0AD-4E09-8471-64BE20453694}.Debug|iPhone.Build.0 = Debug|Any CPU
		{84156205-F0AD-4E09-8471-64BE20453694}.Release|iPhone.ActiveCfg = Release|Any CPU
		{84156205-F0AD-4E09-8471-64BE20453694}.Release|iPhone.Build.0 = Release|Any CPU
		{8FC7BC1B-6DA1-4B5E-9F19-B268E2624ADD}.Debug|Any CPU.ActiveCfg = Debug|Any CPU
		{8FC7BC1B-6DA1-4B5E-9F19-B268E2624ADD}.Debug|Any CPU.Build.0 = Debug|Any CPU
		{8FC7BC1B-6DA1-4B5E-9F19-B268E2624ADD}.Release|Any CPU.ActiveCfg = Release|Any CPU
		{8FC7BC1B-6DA1-4B5E-9F19-B268E2624ADD}.Release|Any CPU.Build.0 = Release|Any CPU
		{8FC7BC1B-6DA1-4B5E-9F19-B268E2624ADD}.Debug|iPhoneSimulator.ActiveCfg = Debug|Any CPU
		{8FC7BC1B-6DA1-4B5E-9F19-B268E2624ADD}.Debug|iPhoneSimulator.Build.0 = Debug|Any CPU
		{8FC7BC1B-6DA1-4B5E-9F19-B268E2624ADD}.Release|iPhoneSimulator.ActiveCfg = Release|Any CPU
		{8FC7BC1B-6DA1-4B5E-9F19-B268E2624ADD}.Release|iPhoneSimulator.Build.0 = Release|Any CPU
		{8FC7BC1B-6DA1-4B5E-9F19-B268E2624ADD}.Debug|iPhone.ActiveCfg = Debug|Any CPU
		{8FC7BC1B-6DA1-4B5E-9F19-B268E2624ADD}.Debug|iPhone.Build.0 = Debug|Any CPU
		{8FC7BC1B-6DA1-4B5E-9F19-B268E2624ADD}.Release|iPhone.ActiveCfg = Release|Any CPU
		{8FC7BC1B-6DA1-4B5E-9F19-B268E2624ADD}.Release|iPhone.Build.0 = Release|Any CPU
		{BD0C353A-CD30-44CA-8D30-49E8BD7F4878}.Debug|Any CPU.ActiveCfg = Debug|Any CPU
		{BD0C353A-CD30-44CA-8D30-49E8BD7F4878}.Debug|Any CPU.Build.0 = Debug|Any CPU
		{BD0C353A-CD30-44CA-8D30-49E8BD7F4878}.Release|Any CPU.ActiveCfg = Release|Any CPU
		{BD0C353A-CD30-44CA-8D30-49E8BD7F4878}.Release|Any CPU.Build.0 = Release|Any CPU
		{BD0C353A-CD30-44CA-8D30-49E8BD7F4878}.Debug|iPhoneSimulator.ActiveCfg = Debug|Any CPU
		{BD0C353A-CD30-44CA-8D30-49E8BD7F4878}.Debug|iPhoneSimulator.Build.0 = Debug|Any CPU
		{BD0C353A-CD30-44CA-8D30-49E8BD7F4878}.Release|iPhoneSimulator.ActiveCfg = Release|Any CPU
		{BD0C353A-CD30-44CA-8D30-49E8BD7F4878}.Release|iPhoneSimulator.Build.0 = Release|Any CPU
		{BD0C353A-CD30-44CA-8D30-49E8BD7F4878}.Debug|iPhone.ActiveCfg = Debug|Any CPU
		{BD0C353A-CD30-44CA-8D30-49E8BD7F4878}.Debug|iPhone.Build.0 = Debug|Any CPU
		{BD0C353A-CD30-44CA-8D30-49E8BD7F4878}.Release|iPhone.ActiveCfg = Release|Any CPU
		{BD0C353A-CD30-44CA-8D30-49E8BD7F4878}.Release|iPhone.Build.0 = Release|Any CPU
		{1B29184B-F78B-47CA-ABC0-9AED17774D63}.Debug|Any CPU.ActiveCfg = Debug|Any CPU
		{1B29184B-F78B-47CA-ABC0-9AED17774D63}.Debug|Any CPU.Build.0 = Debug|Any CPU
		{1B29184B-F78B-47CA-ABC0-9AED17774D63}.Release|Any CPU.ActiveCfg = Release|Any CPU
		{1B29184B-F78B-47CA-ABC0-9AED17774D63}.Release|Any CPU.Build.0 = Release|Any CPU
		{1B29184B-F78B-47CA-ABC0-9AED17774D63}.Debug|iPhoneSimulator.ActiveCfg = Debug|Any CPU
		{1B29184B-F78B-47CA-ABC0-9AED17774D63}.Debug|iPhoneSimulator.Build.0 = Debug|Any CPU
		{1B29184B-F78B-47CA-ABC0-9AED17774D63}.Release|iPhoneSimulator.ActiveCfg = Release|Any CPU
		{1B29184B-F78B-47CA-ABC0-9AED17774D63}.Release|iPhoneSimulator.Build.0 = Release|Any CPU
		{1B29184B-F78B-47CA-ABC0-9AED17774D63}.Debug|iPhone.ActiveCfg = Debug|Any CPU
		{1B29184B-F78B-47CA-ABC0-9AED17774D63}.Debug|iPhone.Build.0 = Debug|Any CPU
		{1B29184B-F78B-47CA-ABC0-9AED17774D63}.Release|iPhone.ActiveCfg = Release|Any CPU
		{1B29184B-F78B-47CA-ABC0-9AED17774D63}.Release|iPhone.Build.0 = Release|Any CPU
		{2E8D6AE9-51C8-444D-8814-3C6A7C98EFFE}.Debug|Any CPU.ActiveCfg = Debug|Any CPU
		{2E8D6AE9-51C8-444D-8814-3C6A7C98EFFE}.Debug|Any CPU.Build.0 = Debug|Any CPU
		{2E8D6AE9-51C8-444D-8814-3C6A7C98EFFE}.Release|Any CPU.ActiveCfg = Release|Any CPU
		{2E8D6AE9-51C8-444D-8814-3C6A7C98EFFE}.Release|Any CPU.Build.0 = Release|Any CPU
		{2E8D6AE9-51C8-444D-8814-3C6A7C98EFFE}.Debug|iPhoneSimulator.ActiveCfg = Debug|Any CPU
		{2E8D6AE9-51C8-444D-8814-3C6A7C98EFFE}.Debug|iPhoneSimulator.Build.0 = Debug|Any CPU
		{2E8D6AE9-51C8-444D-8814-3C6A7C98EFFE}.Release|iPhoneSimulator.ActiveCfg = Release|Any CPU
		{2E8D6AE9-51C8-444D-8814-3C6A7C98EFFE}.Release|iPhoneSimulator.Build.0 = Release|Any CPU
		{2E8D6AE9-51C8-444D-8814-3C6A7C98EFFE}.Debug|iPhone.ActiveCfg = Debug|Any CPU
		{2E8D6AE9-51C8-444D-8814-3C6A7C98EFFE}.Debug|iPhone.Build.0 = Debug|Any CPU
		{2E8D6AE9-51C8-444D-8814-3C6A7C98EFFE}.Release|iPhone.ActiveCfg = Release|Any CPU
		{2E8D6AE9-51C8-444D-8814-3C6A7C98EFFE}.Release|iPhone.Build.0 = Release|Any CPU
		{4890387C-7076-4EDC-84B1-DACBEBAA9919}.Debug|Any CPU.ActiveCfg = Debug|Any CPU
		{4890387C-7076-4EDC-84B1-DACBEBAA9919}.Debug|Any CPU.Build.0 = Debug|Any CPU
		{4890387C-7076-4EDC-84B1-DACBEBAA9919}.Release|Any CPU.ActiveCfg = Release|Any CPU
		{4890387C-7076-4EDC-84B1-DACBEBAA9919}.Release|Any CPU.Build.0 = Release|Any CPU
		{4890387C-7076-4EDC-84B1-DACBEBAA9919}.Debug|iPhoneSimulator.ActiveCfg = Debug|Any CPU
		{4890387C-7076-4EDC-84B1-DACBEBAA9919}.Debug|iPhoneSimulator.Build.0 = Debug|Any CPU
		{4890387C-7076-4EDC-84B1-DACBEBAA9919}.Release|iPhoneSimulator.ActiveCfg = Release|Any CPU
		{4890387C-7076-4EDC-84B1-DACBEBAA9919}.Release|iPhoneSimulator.Build.0 = Release|Any CPU
		{4890387C-7076-4EDC-84B1-DACBEBAA9919}.Debug|iPhone.ActiveCfg = Debug|Any CPU
		{4890387C-7076-4EDC-84B1-DACBEBAA9919}.Debug|iPhone.Build.0 = Debug|Any CPU
		{4890387C-7076-4EDC-84B1-DACBEBAA9919}.Release|iPhone.ActiveCfg = Release|Any CPU
		{4890387C-7076-4EDC-84B1-DACBEBAA9919}.Release|iPhone.Build.0 = Release|Any CPU
		{3063C33A-DFE2-405D-8BB8-8FDC188E27F5}.Debug|Any CPU.ActiveCfg = Debug|Any CPU
		{3063C33A-DFE2-405D-8BB8-8FDC188E27F5}.Debug|Any CPU.Build.0 = Debug|Any CPU
		{3063C33A-DFE2-405D-8BB8-8FDC188E27F5}.Release|Any CPU.ActiveCfg = Release|Any CPU
		{3063C33A-DFE2-405D-8BB8-8FDC188E27F5}.Release|Any CPU.Build.0 = Release|Any CPU
		{3063C33A-DFE2-405D-8BB8-8FDC188E27F5}.Debug|iPhoneSimulator.ActiveCfg = Debug|Any CPU
		{3063C33A-DFE2-405D-8BB8-8FDC188E27F5}.Debug|iPhoneSimulator.Build.0 = Debug|Any CPU
		{3063C33A-DFE2-405D-8BB8-8FDC188E27F5}.Release|iPhoneSimulator.ActiveCfg = Release|Any CPU
		{3063C33A-DFE2-405D-8BB8-8FDC188E27F5}.Release|iPhoneSimulator.Build.0 = Release|Any CPU
		{3063C33A-DFE2-405D-8BB8-8FDC188E27F5}.Debug|iPhone.ActiveCfg = Debug|Any CPU
		{3063C33A-DFE2-405D-8BB8-8FDC188E27F5}.Debug|iPhone.Build.0 = Debug|Any CPU
		{3063C33A-DFE2-405D-8BB8-8FDC188E27F5}.Release|iPhone.ActiveCfg = Release|Any CPU
		{3063C33A-DFE2-405D-8BB8-8FDC188E27F5}.Release|iPhone.Build.0 = Release|Any CPU
		{9AB4578B-4FB9-4712-AB00-AEE08C5D6DC6}.Debug|Any CPU.ActiveCfg = Debug|Any CPU
		{9AB4578B-4FB9-4712-AB00-AEE08C5D6DC6}.Debug|Any CPU.Build.0 = Debug|Any CPU
		{9AB4578B-4FB9-4712-AB00-AEE08C5D6DC6}.Release|Any CPU.ActiveCfg = Release|Any CPU
		{9AB4578B-4FB9-4712-AB00-AEE08C5D6DC6}.Release|Any CPU.Build.0 = Release|Any CPU
		{9AB4578B-4FB9-4712-AB00-AEE08C5D6DC6}.Debug|iPhoneSimulator.ActiveCfg = Debug|Any CPU
		{9AB4578B-4FB9-4712-AB00-AEE08C5D6DC6}.Debug|iPhoneSimulator.Build.0 = Debug|Any CPU
		{9AB4578B-4FB9-4712-AB00-AEE08C5D6DC6}.Release|iPhoneSimulator.ActiveCfg = Release|Any CPU
		{9AB4578B-4FB9-4712-AB00-AEE08C5D6DC6}.Release|iPhoneSimulator.Build.0 = Release|Any CPU
		{9AB4578B-4FB9-4712-AB00-AEE08C5D6DC6}.Debug|iPhone.ActiveCfg = Debug|Any CPU
		{9AB4578B-4FB9-4712-AB00-AEE08C5D6DC6}.Debug|iPhone.Build.0 = Debug|Any CPU
		{9AB4578B-4FB9-4712-AB00-AEE08C5D6DC6}.Release|iPhone.ActiveCfg = Release|Any CPU
		{9AB4578B-4FB9-4712-AB00-AEE08C5D6DC6}.Release|iPhone.Build.0 = Release|Any CPU
		{8600B29B-906C-48D8-8E42-46F0B5315478}.Debug|Any CPU.ActiveCfg = Debug|Any CPU
		{8600B29B-906C-48D8-8E42-46F0B5315478}.Debug|Any CPU.Build.0 = Debug|Any CPU
		{8600B29B-906C-48D8-8E42-46F0B5315478}.Release|Any CPU.ActiveCfg = Release|Any CPU
		{8600B29B-906C-48D8-8E42-46F0B5315478}.Release|Any CPU.Build.0 = Release|Any CPU
		{8600B29B-906C-48D8-8E42-46F0B5315478}.Debug|iPhoneSimulator.ActiveCfg = Debug|Any CPU
		{8600B29B-906C-48D8-8E42-46F0B5315478}.Debug|iPhoneSimulator.Build.0 = Debug|Any CPU
		{8600B29B-906C-48D8-8E42-46F0B5315478}.Release|iPhoneSimulator.ActiveCfg = Release|Any CPU
		{8600B29B-906C-48D8-8E42-46F0B5315478}.Release|iPhoneSimulator.Build.0 = Release|Any CPU
		{8600B29B-906C-48D8-8E42-46F0B5315478}.Debug|iPhone.ActiveCfg = Debug|Any CPU
		{8600B29B-906C-48D8-8E42-46F0B5315478}.Debug|iPhone.Build.0 = Debug|Any CPU
		{8600B29B-906C-48D8-8E42-46F0B5315478}.Release|iPhone.ActiveCfg = Release|Any CPU
		{8600B29B-906C-48D8-8E42-46F0B5315478}.Release|iPhone.Build.0 = Release|Any CPU
		{5A487BA1-B5EE-4BE3-97AF-559EC5D7C944}.Debug|Any CPU.ActiveCfg = Debug|Any CPU
		{5A487BA1-B5EE-4BE3-97AF-559EC5D7C944}.Debug|Any CPU.Build.0 = Debug|Any CPU
		{5A487BA1-B5EE-4BE3-97AF-559EC5D7C944}.Release|Any CPU.ActiveCfg = Release|Any CPU
		{5A487BA1-B5EE-4BE3-97AF-559EC5D7C944}.Release|Any CPU.Build.0 = Release|Any CPU
		{5A487BA1-B5EE-4BE3-97AF-559EC5D7C944}.Debug|iPhoneSimulator.ActiveCfg = Debug|Any CPU
		{5A487BA1-B5EE-4BE3-97AF-559EC5D7C944}.Debug|iPhoneSimulator.Build.0 = Debug|Any CPU
		{5A487BA1-B5EE-4BE3-97AF-559EC5D7C944}.Release|iPhoneSimulator.ActiveCfg = Release|Any CPU
		{5A487BA1-B5EE-4BE3-97AF-559EC5D7C944}.Release|iPhoneSimulator.Build.0 = Release|Any CPU
		{5A487BA1-B5EE-4BE3-97AF-559EC5D7C944}.Debug|iPhone.ActiveCfg = Debug|Any CPU
		{5A487BA1-B5EE-4BE3-97AF-559EC5D7C944}.Debug|iPhone.Build.0 = Debug|Any CPU
		{5A487BA1-B5EE-4BE3-97AF-559EC5D7C944}.Release|iPhone.ActiveCfg = Release|Any CPU
		{5A487BA1-B5EE-4BE3-97AF-559EC5D7C944}.Release|iPhone.Build.0 = Release|Any CPU
		{5D69130D-578C-4136-A73F-8863618F1D41}.Debug|Any CPU.ActiveCfg = Debug|Any CPU
		{5D69130D-578C-4136-A73F-8863618F1D41}.Debug|Any CPU.Build.0 = Debug|Any CPU
		{5D69130D-578C-4136-A73F-8863618F1D41}.Release|Any CPU.ActiveCfg = Release|Any CPU
		{5D69130D-578C-4136-A73F-8863618F1D41}.Release|Any CPU.Build.0 = Release|Any CPU
		{5D69130D-578C-4136-A73F-8863618F1D41}.Debug|iPhoneSimulator.ActiveCfg = Debug|Any CPU
		{5D69130D-578C-4136-A73F-8863618F1D41}.Debug|iPhoneSimulator.Build.0 = Debug|Any CPU
		{5D69130D-578C-4136-A73F-8863618F1D41}.Release|iPhoneSimulator.ActiveCfg = Release|Any CPU
		{5D69130D-578C-4136-A73F-8863618F1D41}.Release|iPhoneSimulator.Build.0 = Release|Any CPU
		{5D69130D-578C-4136-A73F-8863618F1D41}.Debug|iPhone.ActiveCfg = Debug|Any CPU
		{5D69130D-578C-4136-A73F-8863618F1D41}.Debug|iPhone.Build.0 = Debug|Any CPU
		{5D69130D-578C-4136-A73F-8863618F1D41}.Release|iPhone.ActiveCfg = Release|Any CPU
		{5D69130D-578C-4136-A73F-8863618F1D41}.Release|iPhone.Build.0 = Release|Any CPU
		{44FDA31D-B026-45E3-B63A-F8F7B6F2F582}.Debug|Any CPU.ActiveCfg = Debug|Any CPU
		{44FDA31D-B026-45E3-B63A-F8F7B6F2F582}.Debug|Any CPU.Build.0 = Debug|Any CPU
		{44FDA31D-B026-45E3-B63A-F8F7B6F2F582}.Release|Any CPU.ActiveCfg = Release|Any CPU
		{44FDA31D-B026-45E3-B63A-F8F7B6F2F582}.Release|Any CPU.Build.0 = Release|Any CPU
		{44FDA31D-B026-45E3-B63A-F8F7B6F2F582}.Debug|iPhoneSimulator.ActiveCfg = Debug|Any CPU
		{44FDA31D-B026-45E3-B63A-F8F7B6F2F582}.Debug|iPhoneSimulator.Build.0 = Debug|Any CPU
		{44FDA31D-B026-45E3-B63A-F8F7B6F2F582}.Release|iPhoneSimulator.ActiveCfg = Release|Any CPU
		{44FDA31D-B026-45E3-B63A-F8F7B6F2F582}.Release|iPhoneSimulator.Build.0 = Release|Any CPU
		{44FDA31D-B026-45E3-B63A-F8F7B6F2F582}.Debug|iPhone.ActiveCfg = Debug|Any CPU
		{44FDA31D-B026-45E3-B63A-F8F7B6F2F582}.Debug|iPhone.Build.0 = Debug|Any CPU
		{44FDA31D-B026-45E3-B63A-F8F7B6F2F582}.Release|iPhone.ActiveCfg = Release|Any CPU
		{44FDA31D-B026-45E3-B63A-F8F7B6F2F582}.Release|iPhone.Build.0 = Release|Any CPU
		{D27BC262-DEE9-4443-B073-41C63826C1C2}.Debug|Any CPU.ActiveCfg = Debug|Any CPU
		{D27BC262-DEE9-4443-B073-41C63826C1C2}.Debug|Any CPU.Build.0 = Debug|Any CPU
		{D27BC262-DEE9-4443-B073-41C63826C1C2}.Release|Any CPU.ActiveCfg = Release|Any CPU
		{D27BC262-DEE9-4443-B073-41C63826C1C2}.Release|Any CPU.Build.0 = Release|Any CPU
		{D27BC262-DEE9-4443-B073-41C63826C1C2}.Debug|iPhoneSimulator.ActiveCfg = Debug|Any CPU
		{D27BC262-DEE9-4443-B073-41C63826C1C2}.Debug|iPhoneSimulator.Build.0 = Debug|Any CPU
		{D27BC262-DEE9-4443-B073-41C63826C1C2}.Release|iPhoneSimulator.ActiveCfg = Release|Any CPU
		{D27BC262-DEE9-4443-B073-41C63826C1C2}.Release|iPhoneSimulator.Build.0 = Release|Any CPU
		{D27BC262-DEE9-4443-B073-41C63826C1C2}.Debug|iPhone.ActiveCfg = Debug|Any CPU
		{D27BC262-DEE9-4443-B073-41C63826C1C2}.Debug|iPhone.Build.0 = Debug|Any CPU
		{D27BC262-DEE9-4443-B073-41C63826C1C2}.Release|iPhone.ActiveCfg = Release|Any CPU
		{D27BC262-DEE9-4443-B073-41C63826C1C2}.Release|iPhone.Build.0 = Release|Any CPU
		{7851DAC2-235A-4BA9-A170-50DCD06507C3}.Debug|Any CPU.ActiveCfg = Debug|Any CPU
		{7851DAC2-235A-4BA9-A170-50DCD06507C3}.Debug|Any CPU.Build.0 = Debug|Any CPU
		{7851DAC2-235A-4BA9-A170-50DCD06507C3}.Release|Any CPU.ActiveCfg = Release|Any CPU
		{7851DAC2-235A-4BA9-A170-50DCD06507C3}.Release|Any CPU.Build.0 = Release|Any CPU
		{7851DAC2-235A-4BA9-A170-50DCD06507C3}.Debug|iPhoneSimulator.ActiveCfg = Debug|Any CPU
		{7851DAC2-235A-4BA9-A170-50DCD06507C3}.Debug|iPhoneSimulator.Build.0 = Debug|Any CPU
		{7851DAC2-235A-4BA9-A170-50DCD06507C3}.Release|iPhoneSimulator.ActiveCfg = Release|Any CPU
		{7851DAC2-235A-4BA9-A170-50DCD06507C3}.Release|iPhoneSimulator.Build.0 = Release|Any CPU
		{7851DAC2-235A-4BA9-A170-50DCD06507C3}.Debug|iPhone.ActiveCfg = Debug|Any CPU
		{7851DAC2-235A-4BA9-A170-50DCD06507C3}.Debug|iPhone.Build.0 = Debug|Any CPU
		{7851DAC2-235A-4BA9-A170-50DCD06507C3}.Release|iPhone.ActiveCfg = Release|Any CPU
		{7851DAC2-235A-4BA9-A170-50DCD06507C3}.Release|iPhone.Build.0 = Release|Any CPU
		{D438BD50-A4B3-4494-B866-EAEDCA46BD37}.Debug|Any CPU.ActiveCfg = Debug|Any CPU
		{D438BD50-A4B3-4494-B866-EAEDCA46BD37}.Debug|Any CPU.Build.0 = Debug|Any CPU
		{D438BD50-A4B3-4494-B866-EAEDCA46BD37}.Release|Any CPU.ActiveCfg = Release|Any CPU
		{D438BD50-A4B3-4494-B866-EAEDCA46BD37}.Release|Any CPU.Build.0 = Release|Any CPU
		{D438BD50-A4B3-4494-B866-EAEDCA46BD37}.Debug|iPhoneSimulator.ActiveCfg = Debug|Any CPU
		{D438BD50-A4B3-4494-B866-EAEDCA46BD37}.Debug|iPhoneSimulator.Build.0 = Debug|Any CPU
		{D438BD50-A4B3-4494-B866-EAEDCA46BD37}.Release|iPhoneSimulator.ActiveCfg = Release|Any CPU
		{D438BD50-A4B3-4494-B866-EAEDCA46BD37}.Release|iPhoneSimulator.Build.0 = Release|Any CPU
		{D438BD50-A4B3-4494-B866-EAEDCA46BD37}.Debug|iPhone.ActiveCfg = Debug|Any CPU
		{D438BD50-A4B3-4494-B866-EAEDCA46BD37}.Debug|iPhone.Build.0 = Debug|Any CPU
		{D438BD50-A4B3-4494-B866-EAEDCA46BD37}.Release|iPhone.ActiveCfg = Release|Any CPU
		{D438BD50-A4B3-4494-B866-EAEDCA46BD37}.Release|iPhone.Build.0 = Release|Any CPU
		{97FB9D01-E13E-4D65-804C-7B3F857BE213}.Debug|Any CPU.ActiveCfg = Debug|Any CPU
		{97FB9D01-E13E-4D65-804C-7B3F857BE213}.Debug|Any CPU.Build.0 = Debug|Any CPU
		{97FB9D01-E13E-4D65-804C-7B3F857BE213}.Release|Any CPU.ActiveCfg = Release|Any CPU
		{97FB9D01-E13E-4D65-804C-7B3F857BE213}.Release|Any CPU.Build.0 = Release|Any CPU
		{97FB9D01-E13E-4D65-804C-7B3F857BE213}.Debug|iPhoneSimulator.ActiveCfg = Debug|Any CPU
		{97FB9D01-E13E-4D65-804C-7B3F857BE213}.Debug|iPhoneSimulator.Build.0 = Debug|Any CPU
		{97FB9D01-E13E-4D65-804C-7B3F857BE213}.Release|iPhoneSimulator.ActiveCfg = Release|Any CPU
		{97FB9D01-E13E-4D65-804C-7B3F857BE213}.Release|iPhoneSimulator.Build.0 = Release|Any CPU
		{97FB9D01-E13E-4D65-804C-7B3F857BE213}.Debug|iPhone.ActiveCfg = Debug|Any CPU
		{97FB9D01-E13E-4D65-804C-7B3F857BE213}.Debug|iPhone.Build.0 = Debug|Any CPU
		{97FB9D01-E13E-4D65-804C-7B3F857BE213}.Release|iPhone.ActiveCfg = Release|Any CPU
		{97FB9D01-E13E-4D65-804C-7B3F857BE213}.Release|iPhone.Build.0 = Release|Any CPU
		{D8DF581F-7DE2-46E5-B3A5-9843FE51A362}.Debug|Any CPU.ActiveCfg = Debug|Any CPU
		{D8DF581F-7DE2-46E5-B3A5-9843FE51A362}.Debug|Any CPU.Build.0 = Debug|Any CPU
		{D8DF581F-7DE2-46E5-B3A5-9843FE51A362}.Release|Any CPU.ActiveCfg = Release|Any CPU
		{D8DF581F-7DE2-46E5-B3A5-9843FE51A362}.Release|Any CPU.Build.0 = Release|Any CPU
		{D8DF581F-7DE2-46E5-B3A5-9843FE51A362}.Debug|iPhoneSimulator.ActiveCfg = Debug|Any CPU
		{D8DF581F-7DE2-46E5-B3A5-9843FE51A362}.Debug|iPhoneSimulator.Build.0 = Debug|Any CPU
		{D8DF581F-7DE2-46E5-B3A5-9843FE51A362}.Release|iPhoneSimulator.ActiveCfg = Release|Any CPU
		{D8DF581F-7DE2-46E5-B3A5-9843FE51A362}.Release|iPhoneSimulator.Build.0 = Release|Any CPU
		{D8DF581F-7DE2-46E5-B3A5-9843FE51A362}.Debug|iPhone.ActiveCfg = Debug|Any CPU
		{D8DF581F-7DE2-46E5-B3A5-9843FE51A362}.Debug|iPhone.Build.0 = Debug|Any CPU
		{D8DF581F-7DE2-46E5-B3A5-9843FE51A362}.Release|iPhone.ActiveCfg = Release|Any CPU
		{D8DF581F-7DE2-46E5-B3A5-9843FE51A362}.Release|iPhone.Build.0 = Release|Any CPU
		{E180F8AE-4C5A-4EFE-AACE-1EC3FACDACD4}.Debug|Any CPU.ActiveCfg = Debug|Any CPU
		{E180F8AE-4C5A-4EFE-AACE-1EC3FACDACD4}.Debug|Any CPU.Build.0 = Debug|Any CPU
		{E180F8AE-4C5A-4EFE-AACE-1EC3FACDACD4}.Release|Any CPU.ActiveCfg = Release|Any CPU
		{E180F8AE-4C5A-4EFE-AACE-1EC3FACDACD4}.Release|Any CPU.Build.0 = Release|Any CPU
		{E180F8AE-4C5A-4EFE-AACE-1EC3FACDACD4}.Debug|iPhoneSimulator.ActiveCfg = Debug|Any CPU
		{E180F8AE-4C5A-4EFE-AACE-1EC3FACDACD4}.Debug|iPhoneSimulator.Build.0 = Debug|Any CPU
		{E180F8AE-4C5A-4EFE-AACE-1EC3FACDACD4}.Release|iPhoneSimulator.ActiveCfg = Release|Any CPU
		{E180F8AE-4C5A-4EFE-AACE-1EC3FACDACD4}.Release|iPhoneSimulator.Build.0 = Release|Any CPU
		{E180F8AE-4C5A-4EFE-AACE-1EC3FACDACD4}.Debug|iPhone.ActiveCfg = Debug|Any CPU
		{E180F8AE-4C5A-4EFE-AACE-1EC3FACDACD4}.Debug|iPhone.Build.0 = Debug|Any CPU
		{E180F8AE-4C5A-4EFE-AACE-1EC3FACDACD4}.Release|iPhone.ActiveCfg = Release|Any CPU
		{E180F8AE-4C5A-4EFE-AACE-1EC3FACDACD4}.Release|iPhone.Build.0 = Release|Any CPU
		{628F5701-7BF2-40DB-9B43-E4C3FE9FA18C}.Debug|Any CPU.ActiveCfg = Debug|Any CPU
		{628F5701-7BF2-40DB-9B43-E4C3FE9FA18C}.Debug|Any CPU.Build.0 = Debug|Any CPU
		{628F5701-7BF2-40DB-9B43-E4C3FE9FA18C}.Release|Any CPU.ActiveCfg = Release|Any CPU
		{628F5701-7BF2-40DB-9B43-E4C3FE9FA18C}.Release|Any CPU.Build.0 = Release|Any CPU
		{628F5701-7BF2-40DB-9B43-E4C3FE9FA18C}.Debug|iPhoneSimulator.ActiveCfg = Debug|Any CPU
		{628F5701-7BF2-40DB-9B43-E4C3FE9FA18C}.Debug|iPhoneSimulator.Build.0 = Debug|Any CPU
		{628F5701-7BF2-40DB-9B43-E4C3FE9FA18C}.Release|iPhoneSimulator.ActiveCfg = Release|Any CPU
		{628F5701-7BF2-40DB-9B43-E4C3FE9FA18C}.Release|iPhoneSimulator.Build.0 = Release|Any CPU
		{628F5701-7BF2-40DB-9B43-E4C3FE9FA18C}.Debug|iPhone.ActiveCfg = Debug|Any CPU
		{628F5701-7BF2-40DB-9B43-E4C3FE9FA18C}.Debug|iPhone.Build.0 = Debug|Any CPU
		{628F5701-7BF2-40DB-9B43-E4C3FE9FA18C}.Release|iPhone.ActiveCfg = Release|Any CPU
		{628F5701-7BF2-40DB-9B43-E4C3FE9FA18C}.Release|iPhone.Build.0 = Release|Any CPU
		{1AADE1DB-29BA-48E0-837F-C3B7EB7F85C0}.Debug|Any CPU.ActiveCfg = Debug|Any CPU
		{1AADE1DB-29BA-48E0-837F-C3B7EB7F85C0}.Debug|Any CPU.Build.0 = Debug|Any CPU
		{1AADE1DB-29BA-48E0-837F-C3B7EB7F85C0}.Release|Any CPU.ActiveCfg = Release|Any CPU
		{1AADE1DB-29BA-48E0-837F-C3B7EB7F85C0}.Release|Any CPU.Build.0 = Release|Any CPU
		{1AADE1DB-29BA-48E0-837F-C3B7EB7F85C0}.Debug|iPhoneSimulator.ActiveCfg = Debug|Any CPU
		{1AADE1DB-29BA-48E0-837F-C3B7EB7F85C0}.Debug|iPhoneSimulator.Build.0 = Debug|Any CPU
		{1AADE1DB-29BA-48E0-837F-C3B7EB7F85C0}.Release|iPhoneSimulator.ActiveCfg = Release|Any CPU
		{1AADE1DB-29BA-48E0-837F-C3B7EB7F85C0}.Release|iPhoneSimulator.Build.0 = Release|Any CPU
		{1AADE1DB-29BA-48E0-837F-C3B7EB7F85C0}.Debug|iPhone.ActiveCfg = Debug|Any CPU
		{1AADE1DB-29BA-48E0-837F-C3B7EB7F85C0}.Debug|iPhone.Build.0 = Debug|Any CPU
		{1AADE1DB-29BA-48E0-837F-C3B7EB7F85C0}.Release|iPhone.ActiveCfg = Release|Any CPU
		{1AADE1DB-29BA-48E0-837F-C3B7EB7F85C0}.Release|iPhone.Build.0 = Release|Any CPU
		{76368661-B0D5-4292-A812-D4FC01E3A2DA}.Debug|Any CPU.ActiveCfg = Debug|Any CPU
		{76368661-B0D5-4292-A812-D4FC01E3A2DA}.Debug|Any CPU.Build.0 = Debug|Any CPU
		{76368661-B0D5-4292-A812-D4FC01E3A2DA}.Release|Any CPU.ActiveCfg = Release|Any CPU
		{76368661-B0D5-4292-A812-D4FC01E3A2DA}.Release|Any CPU.Build.0 = Release|Any CPU
		{76368661-B0D5-4292-A812-D4FC01E3A2DA}.Debug|iPhoneSimulator.ActiveCfg = Debug|Any CPU
		{76368661-B0D5-4292-A812-D4FC01E3A2DA}.Debug|iPhoneSimulator.Build.0 = Debug|Any CPU
		{76368661-B0D5-4292-A812-D4FC01E3A2DA}.Release|iPhoneSimulator.ActiveCfg = Release|Any CPU
		{76368661-B0D5-4292-A812-D4FC01E3A2DA}.Release|iPhoneSimulator.Build.0 = Release|Any CPU
		{76368661-B0D5-4292-A812-D4FC01E3A2DA}.Debug|iPhone.ActiveCfg = Debug|Any CPU
		{76368661-B0D5-4292-A812-D4FC01E3A2DA}.Debug|iPhone.Build.0 = Debug|Any CPU
		{76368661-B0D5-4292-A812-D4FC01E3A2DA}.Release|iPhone.ActiveCfg = Release|Any CPU
		{76368661-B0D5-4292-A812-D4FC01E3A2DA}.Release|iPhone.Build.0 = Release|Any CPU
		{FCCD2FE1-65D7-4183-9C34-D8F6CF076A2E}.Debug|Any CPU.ActiveCfg = Debug|Any CPU
		{FCCD2FE1-65D7-4183-9C34-D8F6CF076A2E}.Debug|Any CPU.Build.0 = Debug|Any CPU
		{FCCD2FE1-65D7-4183-9C34-D8F6CF076A2E}.Release|Any CPU.ActiveCfg = Release|Any CPU
		{FCCD2FE1-65D7-4183-9C34-D8F6CF076A2E}.Release|Any CPU.Build.0 = Release|Any CPU
		{FCCD2FE1-65D7-4183-9C34-D8F6CF076A2E}.Debug|iPhoneSimulator.ActiveCfg = Debug|Any CPU
		{FCCD2FE1-65D7-4183-9C34-D8F6CF076A2E}.Debug|iPhoneSimulator.Build.0 = Debug|Any CPU
		{FCCD2FE1-65D7-4183-9C34-D8F6CF076A2E}.Release|iPhoneSimulator.ActiveCfg = Release|Any CPU
		{FCCD2FE1-65D7-4183-9C34-D8F6CF076A2E}.Release|iPhoneSimulator.Build.0 = Release|Any CPU
		{FCCD2FE1-65D7-4183-9C34-D8F6CF076A2E}.Debug|iPhone.ActiveCfg = Debug|Any CPU
		{FCCD2FE1-65D7-4183-9C34-D8F6CF076A2E}.Debug|iPhone.Build.0 = Debug|Any CPU
		{FCCD2FE1-65D7-4183-9C34-D8F6CF076A2E}.Release|iPhone.ActiveCfg = Release|Any CPU
		{FCCD2FE1-65D7-4183-9C34-D8F6CF076A2E}.Release|iPhone.Build.0 = Release|Any CPU
		{A83354FA-DF15-479E-A44C-51AEFEFC2104}.Debug|Any CPU.ActiveCfg = Debug|Any CPU
		{A83354FA-DF15-479E-A44C-51AEFEFC2104}.Debug|Any CPU.Build.0 = Debug|Any CPU
		{A83354FA-DF15-479E-A44C-51AEFEFC2104}.Release|Any CPU.ActiveCfg = Release|Any CPU
		{A83354FA-DF15-479E-A44C-51AEFEFC2104}.Release|Any CPU.Build.0 = Release|Any CPU
		{A83354FA-DF15-479E-A44C-51AEFEFC2104}.Debug|iPhoneSimulator.ActiveCfg = Debug|Any CPU
		{A83354FA-DF15-479E-A44C-51AEFEFC2104}.Debug|iPhoneSimulator.Build.0 = Debug|Any CPU
		{A83354FA-DF15-479E-A44C-51AEFEFC2104}.Release|iPhoneSimulator.ActiveCfg = Release|Any CPU
		{A83354FA-DF15-479E-A44C-51AEFEFC2104}.Release|iPhoneSimulator.Build.0 = Release|Any CPU
		{A83354FA-DF15-479E-A44C-51AEFEFC2104}.Debug|iPhone.ActiveCfg = Debug|Any CPU
		{A83354FA-DF15-479E-A44C-51AEFEFC2104}.Debug|iPhone.Build.0 = Debug|Any CPU
		{A83354FA-DF15-479E-A44C-51AEFEFC2104}.Release|iPhone.ActiveCfg = Release|Any CPU
		{A83354FA-DF15-479E-A44C-51AEFEFC2104}.Release|iPhone.Build.0 = Release|Any CPU
		{2F4760BD-A840-4F11-A350-295773A961B4}.Debug|Any CPU.ActiveCfg = Debug|Any CPU
		{2F4760BD-A840-4F11-A350-295773A961B4}.Debug|Any CPU.Build.0 = Debug|Any CPU
		{2F4760BD-A840-4F11-A350-295773A961B4}.Release|Any CPU.ActiveCfg = Release|Any CPU
		{2F4760BD-A840-4F11-A350-295773A961B4}.Release|Any CPU.Build.0 = Release|Any CPU
		{2F4760BD-A840-4F11-A350-295773A961B4}.Debug|iPhoneSimulator.ActiveCfg = Debug|Any CPU
		{2F4760BD-A840-4F11-A350-295773A961B4}.Debug|iPhoneSimulator.Build.0 = Debug|Any CPU
		{2F4760BD-A840-4F11-A350-295773A961B4}.Release|iPhoneSimulator.ActiveCfg = Release|Any CPU
		{2F4760BD-A840-4F11-A350-295773A961B4}.Release|iPhoneSimulator.Build.0 = Release|Any CPU
		{2F4760BD-A840-4F11-A350-295773A961B4}.Debug|iPhone.ActiveCfg = Debug|Any CPU
		{2F4760BD-A840-4F11-A350-295773A961B4}.Debug|iPhone.Build.0 = Debug|Any CPU
		{2F4760BD-A840-4F11-A350-295773A961B4}.Release|iPhone.ActiveCfg = Release|Any CPU
		{2F4760BD-A840-4F11-A350-295773A961B4}.Release|iPhone.Build.0 = Release|Any CPU
		{2C3D8CB5-44A0-4D98-B7B0-F01447D215B9}.Debug|Any CPU.ActiveCfg = Debug|Any CPU
		{2C3D8CB5-44A0-4D98-B7B0-F01447D215B9}.Debug|Any CPU.Build.0 = Debug|Any CPU
		{2C3D8CB5-44A0-4D98-B7B0-F01447D215B9}.Release|Any CPU.ActiveCfg = Release|Any CPU
		{2C3D8CB5-44A0-4D98-B7B0-F01447D215B9}.Release|Any CPU.Build.0 = Release|Any CPU
		{2C3D8CB5-44A0-4D98-B7B0-F01447D215B9}.Debug|iPhoneSimulator.ActiveCfg = Debug|Any CPU
		{2C3D8CB5-44A0-4D98-B7B0-F01447D215B9}.Debug|iPhoneSimulator.Build.0 = Debug|Any CPU
		{2C3D8CB5-44A0-4D98-B7B0-F01447D215B9}.Release|iPhoneSimulator.ActiveCfg = Release|Any CPU
		{2C3D8CB5-44A0-4D98-B7B0-F01447D215B9}.Release|iPhoneSimulator.Build.0 = Release|Any CPU
		{2C3D8CB5-44A0-4D98-B7B0-F01447D215B9}.Debug|iPhone.ActiveCfg = Debug|Any CPU
		{2C3D8CB5-44A0-4D98-B7B0-F01447D215B9}.Debug|iPhone.Build.0 = Debug|Any CPU
		{2C3D8CB5-44A0-4D98-B7B0-F01447D215B9}.Release|iPhone.ActiveCfg = Release|Any CPU
		{2C3D8CB5-44A0-4D98-B7B0-F01447D215B9}.Release|iPhone.Build.0 = Release|Any CPU
	EndGlobalSection
EndGlobal
